<?xml version="1.0" encoding="utf-8"?>
<Project ToolsVersion="4.0" xmlns="http://schemas.microsoft.com/developer/msbuild/2003">
  <ItemGroup>
    <Filter Include="Source Files">
      <UniqueIdentifier>{4FC737F1-C7A5-4376-A066-2A32D752A2FF}</UniqueIdentifier>
      <Extensions>cpp;c;cc;cxx;def;odl;idl;hpj;bat;asm;asmx</Extensions>
    </Filter>
    <Filter Include="Header Files">
      <UniqueIdentifier>{93995380-89BD-4b04-88EB-625FBE52EBFB}</UniqueIdentifier>
      <Extensions>h;hh;hpp;hxx;hm;inl;inc;ipp;xsd</Extensions>
    </Filter>
    <Filter Include="Resource Files">
      <UniqueIdentifier>{67DA6AB6-F800-4c08-8B7A-83BB121AAD01}</UniqueIdentifier>
      <Extensions>rc;ico;cur;bmp;dlg;rc2;rct;bin;rgs;gif;jpg;jpeg;jpe;resx;tiff;tif;png;wav;mfcribbon-ms</Extensions>
    </Filter>
  </ItemGroup>
  <ItemGroup>
    <Image Include="Content\film.png">
      <Filter>Resource Files</Filter>
    </Image>
    <Image Include="Content\avatar.png">
      <Filter>Resource Files</Filter>
    </Image>
    <Image Include="Content\trophy.png">
      <Filter>Resource Files</Filter>
    </Image>
    <Image Include="Content\settings.png">
      <Filter>Resource Files</Filter>
    </Image>
    <Image Include="Content\film_reel.ico">
      <Filter>Resource Files</Filter>
    </Image>
    <Image Include="Content\minus-symbol.png">
      <Filter>Resource Files</Filter>
    </Image>
    <Image Include="Content\add.png">
      <Filter>Resource Files</Filter>
    </Image>
    <Image Include="Content\reset.png">
      <Filter>Resource Files</Filter>
    </Image>
    <Image Include="Content\star_fill.png">
      <Filter>Resource Files</Filter>
    </Image>
    <Image Include="Content\star_outer.png">
      <Filter>Resource Files</Filter>
    </Image>
  </ItemGroup>
  <ItemGroup>
    <ClCompile Include="MainForm.cpp">
      <Filter>Source Files</Filter>
    </ClCompile>
    <ClCompile Include="Models\Movie.cpp">
      <Filter>Source Files</Filter>
    </ClCompile>
    <ClCompile Include="Models\DataForm.cpp">
      <Filter>Source Files</Filter>
    </ClCompile>
    <ClCompile Include="AddMovieForm.cpp">
      <Filter>Source Files</Filter>
    </ClCompile>
    <ClCompile Include="RateMovieForm.cpp">
      <Filter>Source Files</Filter>
    </ClCompile>
    <ClCompile Include="Models\Rating.cpp">
      <Filter>Source Files</Filter>
    </ClCompile>
    <ClCompile Include="Models\Profile.cpp">
      <Filter>Source Files</Filter>
    </ClCompile>
  </ItemGroup>
  <ItemGroup>
    <ClInclude Include="MainForm.h">
      <Filter>Header Files</Filter>
    </ClInclude>
    <ClInclude Include="Models\Movie.h">
      <Filter>Header Files</Filter>
    </ClInclude>
    <ClInclude Include="resource.h">
      <Filter>Header Files</Filter>
    </ClInclude>
    <ClInclude Include="Utility.h">
      <Filter>Header Files</Filter>
    </ClInclude>
    <ClInclude Include="Models\DataForm.h">
      <Filter>Header Files</Filter>
    </ClInclude>
    <ClInclude Include="AddMovieForm.h">
      <Filter>Header Files</Filter>
    </ClInclude>
    <ClInclude Include="RateMovieForm.h">
      <Filter>Header Files</Filter>
    </ClInclude>
    <ClInclude Include="Models\Rating.h">
      <Filter>Header Files</Filter>
    </ClInclude>
    <ClInclude Include="Models\Profile.h">
      <Filter>Header Files</Filter>
    </ClInclude>
  </ItemGroup>
  <ItemGroup>
    <EmbeddedResource Include="MainForm.resx">
      <Filter>Resource Files</Filter>
    </EmbeddedResource>
    <EmbeddedResource Include="AddMovieForm.resx">
      <Filter>Resource Files</Filter>
    </EmbeddedResource>
    <EmbeddedResource Include="RateMovieForm.resx">
      <Filter>Resource Files</Filter>
    </EmbeddedResource>
  </ItemGroup>
  <ItemGroup>
    <ResourceCompile Include="CinemaMeet.rc">
      <Filter>Resource Files</Filter>
    </ResourceCompile>
  </ItemGroup>
  <ItemGroup>
    <Text Include="Data\alphabet.txt" />
    <Text Include="Data\countries.txt" />
    <Text Include="Data\genres.txt" />
    <Text Include="Data\years.txt" />
  </ItemGroup>
</Project>